
Microsoft Visual Studio Solution File, Format Version 12.00
# Visual Studio Version 16
VisualStudioVersion = 16.0.29709.97
MinimumVisualStudioVersion = 10.0.40219.1
Project("{FAE04EC0-301F-11D3-BF4B-00C04F79EFBC}") = "Game of life", "gafd\Game of life.csproj", "{71A3EC66-2C77-4571-88F1-B4F716E1F216}"
EndProject
Global
	GlobalSection(SolutionConfigurationPlatforms) = preSolution
		Debug|Any CPU = Debug|Any CPU
		Release|Any CPU = Release|Any CPU
	EndGlobalSection
	GlobalSection(ProjectConfigurationPlatforms) = postSolution
		{71A3EC66-2C77-4571-88F1-B4F716E1F216}.Debug|Any CPU.ActiveCfg = Debug|Any CPU
		{71A3EC66-2C77-4571-88F1-B4F716E1F216}.Debug|Any CPU.Build.0 = Debug|Any CPU
		{71A3EC66-2C77-4571-88F1-B4F716E1F216}.Release|Any CPU.ActiveCfg = Release|Any CPU
		{71A3EC66-2C77-4571-88F1-B4F716E1F216}.Release|Any CPU.Build.0 = Release|Any CPU
	EndGlobalSection
	GlobalSection(SolutionProperties) = preSolution
		HideSolutionNode = FALSE
	EndGlobalSection
	GlobalSection(ExtensibilityGlobals) = postSolution
		SolutionGuid = {D9713290-C408-46D3-A053-D080C6DD79DF}
	EndGlobalSection
EndGlobal
